// !$*UTF8*$!
{
	archiveVersion = 1;
	classes = {
	};
	objectVersion = 50;
	objects = {

/* Begin PBXBuildFile section */
		EE9458F525D4DEEB00D3BADF /* AppDelegate.swift in Sources */ = {isa = PBXBuildFile; fileRef = EE9458F425D4DEEB00D3BADF /* AppDelegate.swift */; };
		EE9458F725D4DEEB00D3BADF /* SceneDelegate.swift in Sources */ = {isa = PBXBuildFile; fileRef = EE9458F625D4DEEB00D3BADF /* SceneDelegate.swift */; };
		EE9458F925D4DEEB00D3BADF /* ViewController.swift in Sources */ = {isa = PBXBuildFile; fileRef = EE9458F825D4DEEB00D3BADF /* ViewController.swift */; };
		EE9458FC25D4DEEB00D3BADF /* Main.storyboard in Resources */ = {isa = PBXBuildFile; fileRef = EE9458FA25D4DEEB00D3BADF /* Main.storyboard */; };
		EE9458FE25D4DEEE00D3BADF /* Assets.xcassets in Resources */ = {isa = PBXBuildFile; fileRef = EE9458FD25D4DEEE00D3BADF /* Assets.xcassets */; };
		EE94590125D4DEEE00D3BADF /* LaunchScreen.storyboard in Resources */ = {isa = PBXBuildFile; fileRef = EE9458FF25D4DEEE00D3BADF /* LaunchScreen.storyboard */; };
		EE94590C25D4DEEF00D3BADF /* exerciseTests.swift in Sources */ = {isa = PBXBuildFile; fileRef = EE94590B25D4DEEF00D3BADF /* exerciseTests.swift */; };
		EE94591725D4DEEF00D3BADF /* exerciseUITests.swift in Sources */ = {isa = PBXBuildFile; fileRef = EE94591625D4DEEF00D3BADF /* exerciseUITests.swift */; };
		EE94592825D4DF2500D3BADF /* LocationsModel.swift in Sources */ = {isa = PBXBuildFile; fileRef = EE94592725D4DF2500D3BADF /* LocationsModel.swift */; };
		EE94592D25D4DF5F00D3BADF /* API.swift in Sources */ = {isa = PBXBuildFile; fileRef = EE94592C25D4DF5F00D3BADF /* API.swift */; };
		EE94593625D4E86800D3BADF /* LocationTableViewCell.swift in Sources */ = {isa = PBXBuildFile; fileRef = EE94593525D4E86800D3BADF /* LocationTableViewCell.swift */; };
/* End PBXBuildFile section */

/* Begin PBXContainerItemProxy section */
		EE94590825D4DEEF00D3BADF /* PBXContainerItemProxy */ = {
			isa = PBXContainerItemProxy;
			containerPortal = EE9458E925D4DEEB00D3BADF /* Project object */;
			proxyType = 1;
			remoteGlobalIDString = EE9458F025D4DEEB00D3BADF;
			remoteInfo = exercise;
		};
		EE94591325D4DEEF00D3BADF /* PBXContainerItemProxy */ = {
			isa = PBXContainerItemProxy;
			containerPortal = EE9458E925D4DEEB00D3BADF /* Project object */;
			proxyType = 1;
			remoteGlobalIDString = EE9458F025D4DEEB00D3BADF;
			remoteInfo = exercise;
		};
/* End PBXContainerItemProxy section */

/* Begin PBXFileReference section */
		EE9458F125D4DEEB00D3BADF /* exercise.app */ = {isa = PBXFileReference; explicitFileType = wrapper.application; includeInIndex = 0; path = exercise.app; sourceTree = BUILT_PRODUCTS_DIR; };
		EE9458F425D4DEEB00D3BADF /* AppDelegate.swift */ = {isa = PBXFileReference; lastKnownFileType = sourcecode.swift; path = AppDelegate.swift; sourceTree = "<group>"; };
		EE9458F625D4DEEB00D3BADF /* SceneDelegate.swift */ = {isa = PBXFileReference; lastKnownFileType = sourcecode.swift; path = SceneDelegate.swift; sourceTree = "<group>"; };
		EE9458F825D4DEEB00D3BADF /* ViewController.swift */ = {isa = PBXFileReference; lastKnownFileType = sourcecode.swift; path = ViewController.swift; sourceTree = "<group>"; };
		EE9458FB25D4DEEB00D3BADF /* Base */ = {isa = PBXFileReference; lastKnownFileType = file.storyboard; name = Base; path = Base.lproj/Main.storyboard; sourceTree = "<group>"; };
		EE9458FD25D4DEEE00D3BADF /* Assets.xcassets */ = {isa = PBXFileReference; lastKnownFileType = folder.assetcatalog; path = Assets.xcassets; sourceTree = "<group>"; };
		EE94590025D4DEEE00D3BADF /* Base */ = {isa = PBXFileReference; lastKnownFileType = file.storyboard; name = Base; path = Base.lproj/LaunchScreen.storyboard; sourceTree = "<group>"; };
		EE94590225D4DEEE00D3BADF /* Info.plist */ = {isa = PBXFileReference; lastKnownFileType = text.plist.xml; path = Info.plist; sourceTree = "<group>"; };
		EE94590725D4DEEF00D3BADF /* exerciseTests.xctest */ = {isa = PBXFileReference; explicitFileType = wrapper.cfbundle; includeInIndex = 0; path = exerciseTests.xctest; sourceTree = BUILT_PRODUCTS_DIR; };
		EE94590B25D4DEEF00D3BADF /* exerciseTests.swift */ = {isa = PBXFileReference; lastKnownFileType = sourcecode.swift; path = exerciseTests.swift; sourceTree = "<group>"; };
		EE94590D25D4DEEF00D3BADF /* Info.plist */ = {isa = PBXFileReference; lastKnownFileType = text.plist.xml; path = Info.plist; sourceTree = "<group>"; };
		EE94591225D4DEEF00D3BADF /* exerciseUITests.xctest */ = {isa = PBXFileReference; explicitFileType = wrapper.cfbundle; includeInIndex = 0; path = exerciseUITests.xctest; sourceTree = BUILT_PRODUCTS_DIR; };
		EE94591625D4DEEF00D3BADF /* exerciseUITests.swift */ = {isa = PBXFileReference; lastKnownFileType = sourcecode.swift; path = exerciseUITests.swift; sourceTree = "<group>"; };
		EE94591825D4DEEF00D3BADF /* Info.plist */ = {isa = PBXFileReference; lastKnownFileType = text.plist.xml; path = Info.plist; sourceTree = "<group>"; };
		EE94592725D4DF2500D3BADF /* LocationsModel.swift */ = {isa = PBXFileReference; lastKnownFileType = sourcecode.swift; path = LocationsModel.swift; sourceTree = "<group>"; };
		EE94592C25D4DF5F00D3BADF /* API.swift */ = {isa = PBXFileReference; lastKnownFileType = sourcecode.swift; path = API.swift; sourceTree = "<group>"; };
		EE94593525D4E86800D3BADF /* LocationTableViewCell.swift */ = {isa = PBXFileReference; lastKnownFileType = sourcecode.swift; path = LocationTableViewCell.swift; sourceTree = "<group>"; };
/* End PBXFileReference section */

/* Begin PBXFrameworksBuildPhase section */
		EE9458EE25D4DEEB00D3BADF /* Frameworks */ = {
			isa = PBXFrameworksBuildPhase;
			buildActionMask = 2147483647;
			files = (
			);
			runOnlyForDeploymentPostprocessing = 0;
		};
		EE94590425D4DEEF00D3BADF /* Frameworks */ = {
			isa = PBXFrameworksBuildPhase;
			buildActionMask = 2147483647;
			files = (
			);
			runOnlyForDeploymentPostprocessing = 0;
		};
		EE94590F25D4DEEF00D3BADF /* Frameworks */ = {
			isa = PBXFrameworksBuildPhase;
			buildActionMask = 2147483647;
			files = (
			);
			runOnlyForDeploymentPostprocessing = 0;
		};
/* End PBXFrameworksBuildPhase section */

/* Begin PBXGroup section */
		EE9458E825D4DEEB00D3BADF = {
			isa = PBXGroup;
			children = (
				EE9458F325D4DEEB00D3BADF /* exercise */,
				EE94590A25D4DEEF00D3BADF /* exerciseTests */,
				EE94591525D4DEEF00D3BADF /* exerciseUITests */,
				EE9458F225D4DEEB00D3BADF /* Products */,
			);
			sourceTree = "<group>";
		};
		EE9458F225D4DEEB00D3BADF /* Products */ = {
			isa = PBXGroup;
			children = (
				EE9458F125D4DEEB00D3BADF /* exercise.app */,
				EE94590725D4DEEF00D3BADF /* exerciseTests.xctest */,
				EE94591225D4DEEF00D3BADF /* exerciseUITests.xctest */,
			);
			name = Products;
			sourceTree = "<group>";
		};
		EE9458F325D4DEEB00D3BADF /* exercise */ = {
			isa = PBXGroup;
			children = (
				EE94593425D4E85600D3BADF /* TableVeiwCells */,
				EE94593325D4E84200D3BADF /* Models */,
				EE94593225D4E83700D3BADF /* API Services */,
				EE94593125D4E82600D3BADF /* ViewControllers */,
				EE9458F425D4DEEB00D3BADF /* AppDelegate.swift */,
				EE9458F625D4DEEB00D3BADF /* SceneDelegate.swift */,
				EE9458FA25D4DEEB00D3BADF /* Main.storyboard */,
				EE9458FD25D4DEEE00D3BADF /* Assets.xcassets */,
				EE9458FF25D4DEEE00D3BADF /* LaunchScreen.storyboard */,
				EE94590225D4DEEE00D3BADF /* Info.plist */,
			);
			path = exercise;
			sourceTree = "<group>";
		};
		EE94590A25D4DEEF00D3BADF /* exerciseTests */ = {
			isa = PBXGroup;
			children = (
				EE94590B25D4DEEF00D3BADF /* exerciseTests.swift */,
				EE94590D25D4DEEF00D3BADF /* Info.plist */,
			);
			path = exerciseTests;
			sourceTree = "<group>";
		};
		EE94591525D4DEEF00D3BADF /* exerciseUITests */ = {
			isa = PBXGroup;
			children = (
				EE94591625D4DEEF00D3BADF /* exerciseUITests.swift */,
				EE94591825D4DEEF00D3BADF /* Info.plist */,
			);
			path = exerciseUITests;
			sourceTree = "<group>";
		};
		EE94593125D4E82600D3BADF /* ViewControllers */ = {
			isa = PBXGroup;
			children = (
				EE9458F825D4DEEB00D3BADF /* ViewController.swift */,
			);
			path = ViewControllers;
			sourceTree = "<group>";
		};
		EE94593225D4E83700D3BADF /* API Services */ = {
			isa = PBXGroup;
			children = (
				EE94592C25D4DF5F00D3BADF /* API.swift */,
			);
			path = "API Services";
			sourceTree = "<group>";
		};
		EE94593325D4E84200D3BADF /* Models */ = {
			isa = PBXGroup;
			children = (
				EE94592725D4DF2500D3BADF /* LocationsModel.swift */,
			);
			path = Models;
			sourceTree = "<group>";
		};
		EE94593425D4E85600D3BADF /* TableVeiwCells */ = {
			isa = PBXGroup;
			children = (
				EE94593525D4E86800D3BADF /* LocationTableViewCell.swift */,
			);
			path = TableVeiwCells;
			sourceTree = "<group>";
		};
/* End PBXGroup section */

/* Begin PBXNativeTarget section */
		EE9458F025D4DEEB00D3BADF /* exercise */ = {
			isa = PBXNativeTarget;
			buildConfigurationList = EE94591B25D4DEEF00D3BADF /* Build configuration list for PBXNativeTarget "exercise" */;
			buildPhases = (
				EE9458ED25D4DEEB00D3BADF /* Sources */,
				EE9458EE25D4DEEB00D3BADF /* Frameworks */,
				EE9458EF25D4DEEB00D3BADF /* Resources */,
			);
			buildRules = (
			);
			dependencies = (
			);
			name = exercise;
			productName = exercise;
			productReference = EE9458F125D4DEEB00D3BADF /* exercise.app */;
			productType = "com.apple.product-type.application";
		};
		EE94590625D4DEEF00D3BADF /* exerciseTests */ = {
			isa = PBXNativeTarget;
			buildConfigurationList = EE94591E25D4DEEF00D3BADF /* Build configuration list for PBXNativeTarget "exerciseTests" */;
			buildPhases = (
				EE94590325D4DEEF00D3BADF /* Sources */,
				EE94590425D4DEEF00D3BADF /* Frameworks */,
				EE94590525D4DEEF00D3BADF /* Resources */,
			);
			buildRules = (
			);
			dependencies = (
				EE94590925D4DEEF00D3BADF /* PBXTargetDependency */,
			);
			name = exerciseTests;
			productName = exerciseTests;
			productReference = EE94590725D4DEEF00D3BADF /* exerciseTests.xctest */;
			productType = "com.apple.product-type.bundle.unit-test";
		};
		EE94591125D4DEEF00D3BADF /* exerciseUITests */ = {
			isa = PBXNativeTarget;
			buildConfigurationList = EE94592125D4DEEF00D3BADF /* Build configuration list for PBXNativeTarget "exerciseUITests" */;
			buildPhases = (
				EE94590E25D4DEEF00D3BADF /* Sources */,
				EE94590F25D4DEEF00D3BADF /* Frameworks */,
				EE94591025D4DEEF00D3BADF /* Resources */,
			);
			buildRules = (
			);
			dependencies = (
				EE94591425D4DEEF00D3BADF /* PBXTargetDependency */,
			);
			name = exerciseUITests;
			productName = exerciseUITests;
			productReference = EE94591225D4DEEF00D3BADF /* exerciseUITests.xctest */;
			productType = "com.apple.product-type.bundle.ui-testing";
		};
/* End PBXNativeTarget section */

/* Begin PBXProject section */
		EE9458E925D4DEEB00D3BADF /* Project object */ = {
			isa = PBXProject;
			attributes = {
				LastSwiftUpdateCheck = 1240;
				LastUpgradeCheck = 1240;
				TargetAttributes = {
					EE9458F025D4DEEB00D3BADF = {
						CreatedOnToolsVersion = 12.4;
					};
					EE94590625D4DEEF00D3BADF = {
						CreatedOnToolsVersion = 12.4;
						TestTargetID = EE9458F025D4DEEB00D3BADF;
					};
					EE94591125D4DEEF00D3BADF = {
						CreatedOnToolsVersion = 12.4;
						TestTargetID = EE9458F025D4DEEB00D3BADF;
					};
				};
			};
			buildConfigurationList = EE9458EC25D4DEEB00D3BADF /* Build configuration list for PBXProject "exercise" */;
			compatibilityVersion = "Xcode 9.3";
			developmentRegion = en;
			hasScannedForEncodings = 0;
			knownRegions = (
				en,
				Base,
			);
			mainGroup = EE9458E825D4DEEB00D3BADF;
			productRefGroup = EE9458F225D4DEEB00D3BADF /* Products */;
			projectDirPath = "";
			projectRoot = "";
			targets = (
				EE9458F025D4DEEB00D3BADF /* exercise */,
				EE94590625D4DEEF00D3BADF /* exerciseTests */,
				EE94591125D4DEEF00D3BADF /* exerciseUITests */,
			);
		};
/* End PBXProject section */

/* Begin PBXResourcesBuildPhase section */
		EE9458EF25D4DEEB00D3BADF /* Resources */ = {
			isa = PBXResourcesBuildPhase;
			buildActionMask = 2147483647;
			files = (
				EE94590125D4DEEE00D3BADF /* LaunchScreen.storyboard in Resources */,
				EE9458FE25D4DEEE00D3BADF /* Assets.xcassets in Resources */,
				EE9458FC25D4DEEB00D3BADF /* Main.storyboard in Resources */,
			);
			runOnlyForDeploymentPostprocessing = 0;
		};
		EE94590525D4DEEF00D3BADF /* Resources */ = {
			isa = PBXResourcesBuildPhase;
			buildActionMask = 2147483647;
			files = (
			);
			runOnlyForDeploymentPostprocessing = 0;
		};
		EE94591025D4DEEF00D3BADF /* Resources */ = {
			isa = PBXResourcesBuildPhase;
			buildActionMask = 2147483647;
			files = (
			);
			runOnlyForDeploymentPostprocessing = 0;
		};
/* End PBXResourcesBuildPhase section */

/* Begin PBXSourcesBuildPhase section */
		EE9458ED25D4DEEB00D3BADF /* Sources */ = {
			isa = PBXSourcesBuildPhase;
			buildActionMask = 2147483647;
			files = (
				EE94593625D4E86800D3BADF /* LocationTableViewCell.swift in Sources */,
				EE94592825D4DF2500D3BADF /* LocationsModel.swift in Sources */,
				EE9458F925D4DEEB00D3BADF /* ViewController.swift in Sources */,
				EE9458F525D4DEEB00D3BADF /* AppDelegate.swift in Sources */,
				EE9458F725D4DEEB00D3BADF /* SceneDelegate.swift in Sources */,
				EE94592D25D4DF5F00D3BADF /* API.swift in Sources */,
			);
			runOnlyForDeploymentPostprocessing = 0;
		};
		EE94590325D4DEEF00D3BADF /* Sources */ = {
			isa = PBXSourcesBuildPhase;
			buildActionMask = 2147483647;
			files = (
				EE94590C25D4DEEF00D3BADF /* exerciseTests.swift in Sources */,
			);
			runOnlyForDeploymentPostprocessing = 0;
		};
		EE94590E25D4DEEF00D3BADF /* Sources */ = {
			isa = PBXSourcesBuildPhase;
			buildActionMask = 2147483647;
			files = (
				EE94591725D4DEEF00D3BADF /* exerciseUITests.swift in Sources */,
			);
			runOnlyForDeploymentPostprocessing = 0;
		};
/* End PBXSourcesBuildPhase section */

/* Begin PBXTargetDependency section */
		EE94590925D4DEEF00D3BADF /* PBXTargetDependency */ = {
			isa = PBXTargetDependency;
			target = EE9458F025D4DEEB00D3BADF /* exercise */;
			targetProxy = EE94590825D4DEEF00D3BADF /* PBXContainerItemProxy */;
		};
		EE94591425D4DEEF00D3BADF /* PBXTargetDependency */ = {
			isa = PBXTargetDependency;
			target = EE9458F025D4DEEB00D3BADF /* exercise */;
			targetProxy = EE94591325D4DEEF00D3BADF /* PBXContainerItemProxy */;
		};
/* End PBXTargetDependency section */

/* Begin PBXVariantGroup section */
		EE9458FA25D4DEEB00D3BADF /* Main.storyboard */ = {
			isa = PBXVariantGroup;
			children = (
				EE9458FB25D4DEEB00D3BADF /* Base */,
			);
			name = Main.storyboard;
			sourceTree = "<group>";
		};
		EE9458FF25D4DEEE00D3BADF /* LaunchScreen.storyboard */ = {
			isa = PBXVariantGroup;
			children = (
				EE94590025D4DEEE00D3BADF /* Base */,
			);
			name = LaunchScreen.storyboard;
			sourceTree = "<group>";
		};
/* End PBXVariantGroup section */

/* Begin XCBuildConfiguration section */
		EE94591925D4DEEF00D3BADF /* Debug */ = {
			isa = XCBuildConfiguration;
			buildSettings = {
				ALWAYS_SEARCH_USER_PATHS = NO;
				CLANG_ANALYZER_NONNULL = YES;
				CLANG_ANALYZER_NUMBER_OBJECT_CONVERSION = YES_AGGRESSIVE;
				CLANG_CXX_LANGUAGE_STANDARD = "gnu++14";
				CLANG_CXX_LIBRARY = "libc++";
				CLANG_ENABLE_MODULES = YES;
				CLANG_ENABLE_OBJC_ARC = YES;
				CLANG_ENABLE_OBJC_WEAK = YES;
				CLANG_WARN_BLOCK_CAPTURE_AUTORELEASING = YES;
				CLANG_WARN_BOOL_CONVERSION = YES;
				CLANG_WARN_COMMA = YES;
				CLANG_WARN_CONSTANT_CONVERSION = YES;
				CLANG_WARN_DEPRECATED_OBJC_IMPLEMENTATIONS = YES;
				CLANG_WARN_DIRECT_OBJC_ISA_USAGE = YES_ERROR;
				CLANG_WARN_DOCUMENTATION_COMMENTS = YES;
				CLANG_WARN_EMPTY_BODY = YES;
				CLANG_WARN_ENUM_CONVERSION = YES;
				CLANG_WARN_INFINITE_RECURSION = YES;
				CLANG_WARN_INT_CONVERSION = YES;
				CLANG_WARN_NON_LITERAL_NULL_CONVERSION = YES;
				CLANG_WARN_OBJC_IMPLICIT_RETAIN_SELF = YES;
				CLANG_WARN_OBJC_LITERAL_CONVERSION = YES;
				CLANG_WARN_OBJC_ROOT_CLASS = YES_ERROR;
				CLANG_WARN_QUOTED_INCLUDE_IN_FRAMEWORK_HEADER = YES;
				CLANG_WARN_RANGE_LOOP_ANALYSIS = YES;
				CLANG_WARN_STRICT_PROTOTYPES = YES;
				CLANG_WARN_SUSPICIOUS_MOVE = YES;
				CLANG_WARN_UNGUARDED_AVAILABILITY = YES_AGGRESSIVE;
				CLANG_WARN_UNREACHABLE_CODE = YES;
				CLANG_WARN__DUPLICATE_METHOD_MATCH = YES;
				COPY_PHASE_STRIP = NO;
				DEBUG_INFORMATION_FORMAT = dwarf;
				ENABLE_STRICT_OBJC_MSGSEND = YES;
				ENABLE_TESTABILITY = YES;
				GCC_C_LANGUAGE_STANDARD = gnu11;
				GCC_DYNAMIC_NO_PIC = NO;
				GCC_NO_COMMON_BLOCKS = YES;
				GCC_OPTIMIZATION_LEVEL = 0;
				GCC_PREPROCESSOR_DEFINITIONS = (
					"DEBUG=1",
					"$(inherited)",
				);
				GCC_WARN_64_TO_32_BIT_CONVERSION = YES;
				GCC_WARN_ABOUT_RETURN_TYPE = YES_ERROR;
				GCC_WARN_UNDECLARED_SELECTOR = YES;
				GCC_WARN_UNINITIALIZED_AUTOS = YES_AGGRESSIVE;
				GCC_WARN_UNUSED_FUNCTION = YES;
				GCC_WARN_UNUSED_VARIABLE = YES;
				IPHONEOS_DEPLOYMENT_TARGET = 14.4;
				MTL_ENABLE_DEBUG_INFO = INCLUDE_SOURCE;
				MTL_FAST_MATH = YES;
				ONLY_ACTIVE_ARCH = YES;
				SDKROOT = iphoneos;
				SWIFT_ACTIVE_COMPILATION_CONDITIONS = DEBUG;
				SWIFT_OPTIMIZATION_LEVEL = "-Onone";
			};
			name = Debug;
		};
		EE94591A25D4DEEF00D3BADF /* Release */ = {
			isa = XCBuildConfiguration;
			buildSettings = {
				ALWAYS_SEARCH_USER_PATHS = NO;
				CLANG_ANALYZER_NONNULL = YES;
				CLANG_ANALYZER_NUMBER_OBJECT_CONVERSION = YES_AGGRESSIVE;
				CLANG_CXX_LANGUAGE_STANDARD = "gnu++14";
				CLANG_CXX_LIBRARY = "libc++";
				CLANG_ENABLE_MODULES = YES;
				CLANG_ENABLE_OBJC_ARC = YES;
				CLANG_ENABLE_OBJC_WEAK = YES;
				CLANG_WARN_BLOCK_CAPTURE_AUTORELEASING = YES;
				CLANG_WARN_BOOL_CONVERSION = YES;
				CLANG_WARN_COMMA = YES;
				CLANG_WARN_CONSTANT_CONVERSION = YES;
				CLANG_WARN_DEPRECATED_OBJC_IMPLEMENTATIONS = YES;
				CLANG_WARN_DIRECT_OBJC_ISA_USAGE = YES_ERROR;
				CLANG_WARN_DOCUMENTATION_COMMENTS = YES;
				CLANG_WARN_EMPTY_BODY = YES;
				CLANG_WARN_ENUM_CONVERSION = YES;
				CLANG_WARN_INFINITE_RECURSION = YES;
				CLANG_WARN_INT_CONVERSION = YES;
				CLANG_WARN_NON_LITERAL_NULL_CONVERSION = YES;
				CLANG_WARN_OBJC_IMPLICIT_RETAIN_SELF = YES;
				CLANG_WARN_OBJC_LITERAL_CONVERSION = YES;
				CLANG_WARN_OBJC_ROOT_CLASS = YES_ERROR;
				CLANG_WARN_QUOTED_INCLUDE_IN_FRAMEWORK_HEADER = YES;
				CLANG_WARN_RANGE_LOOP_ANALYSIS = YES;
				CLANG_WARN_STRICT_PROTOTYPES = YES;
				CLANG_WARN_SUSPICIOUS_MOVE = YES;
				CLANG_WARN_UNGUARDED_AVAILABILITY = YES_AGGRESSIVE;
				CLANG_WARN_UNREACHABLE_CODE = YES;
				CLANG_WARN__DUPLICATE_METHOD_MATCH = YES;
				COPY_PHASE_STRIP = NO;
				DEBUG_INFORMATION_FORMAT = "dwarf-with-dsym";
				ENABLE_NS_ASSERTIONS = NO;
				ENABLE_STRICT_OBJC_MSGSEND = YES;
				GCC_C_LANGUAGE_STANDARD = gnu11;
				GCC_NO_COMMON_BLOCKS = YES;
				GCC_WARN_64_TO_32_BIT_CONVERSION = YES;
				GCC_WARN_ABOUT_RETURN_TYPE = YES_ERROR;
				GCC_WARN_UNDECLARED_SELECTOR = YES;
				GCC_WARN_UNINITIALIZED_AUTOS = YES_AGGRESSIVE;
				GCC_WARN_UNUSED_FUNCTION = YES;
				GCC_WARN_UNUSED_VARIABLE = YES;
				IPHONEOS_DEPLOYMENT_TARGET = 14.4;
				MTL_ENABLE_DEBUG_INFO = NO;
				MTL_FAST_MATH = YES;
				SDKROOT = iphoneos;
				SWIFT_COMPILATION_MODE = wholemodule;
				SWIFT_OPTIMIZATION_LEVEL = "-O";
				VALIDATE_PRODUCT = YES;
			};
			name = Release;
		};
		EE94591C25D4DEEF00D3BADF /* Debug */ = {
			isa = XCBuildConfiguration;
			buildSettings = {
				ASSETCATALOG_COMPILER_APPICON_NAME = AppIcon;
				ASSETCATALOG_COMPILER_GLOBAL_ACCENT_COLOR_NAME = AccentColor;
				CODE_SIGN_STYLE = Automatic;
				INFOPLIST_FILE = exercise/Info.plist;
				LD_RUNPATH_SEARCH_PATHS = (
					"$(inherited)",
					"@executable_path/Frameworks",
				);
				PRODUCT_BUNDLE_IDENTIFIER = weHire.exercise;
				PRODUCT_NAME = "$(TARGET_NAME)";
				SWIFT_VERSION = 5.0;
				TARGETED_DEVICE_FAMILY = "1,2";
			};
			name = Debug;
		};
		EE94591D25D4DEEF00D3BADF /* Release */ = {
			isa = XCBuildConfiguration;
			buildSettings = {
				ASSETCATALOG_COMPILER_APPICON_NAME = AppIcon;
				ASSETCATALOG_COMPILER_GLOBAL_ACCENT_COLOR_NAME = AccentColor;
				CODE_SIGN_STYLE = Automatic;
				INFOPLIST_FILE = exercise/Info.plist;
				LD_RUNPATH_SEARCH_PATHS = (
					"$(inherited)",
					"@executable_path/Frameworks",
				);
				PRODUCT_BUNDLE_IDENTIFIER = weHire.exercise;
				PRODUCT_NAME = "$(TARGET_NAME)";
				SWIFT_VERSION = 5.0;
				TARGETED_DEVICE_FAMILY = "1,2";
			};
			name = Release;
		};
		EE94591F25D4DEEF00D3BADF /* Debug */ = {
			isa = XCBuildConfiguration;
			buildSettings = {
				ALWAYS_EMBED_SWIFT_STANDARD_LIBRARIES = YES;
				BUNDLE_LOADER = "$(TEST_HOST)";
				CODE_SIGN_STYLE = Automatic;
				INFOPLIST_FILE = exerciseTests/Info.plist;
				IPHONEOS_DEPLOYMENT_TARGET = 14.4;
				LD_RUNPATH_SEARCH_PATHS = (
					"$(inherited)",
					"@executable_path/Frameworks",
					"@loader_path/Frameworks",
				);
				PRODUCT_BUNDLE_IDENTIFIER = weHire.exerciseTests;
				PRODUCT_NAME = "$(TARGET_NAME)";
				SWIFT_VERSION = 5.0;
				TARGETED_DEVICE_FAMILY = "1,2";
				TEST_HOST = "$(BUILT_PRODUCTS_DIR)/exercise.app/exercise";
			};
			name = Debug;
		};
		EE94592025D4DEEF00D3BADF /* Release */ = {
			isa = XCBuildConfiguration;
			buildSettings = {
				ALWAYS_EMBED_SWIFT_STANDARD_LIBRARIES = YES;
				BUNDLE_LOADER = "$(TEST_HOST)";
				CODE_SIGN_STYLE = Automatic;
				INFOPLIST_FILE = exerciseTests/Info.plist;
				IPHONEOS_DEPLOYMENT_TARGET = 14.4;
				LD_RUNPATH_SEARCH_PATHS = (
					"$(inherited)",
					"@executable_path/Frameworks",
					"@loader_path/Frameworks",
				);
				PRODUCT_BUNDLE_IDENTIFIER = weHire.exerciseTests;
				PRODUCT_NAME = "$(TARGET_NAME)";
				SWIFT_VERSION = 5.0;
				TARGETED_DEVICE_FAMILY = "1,2";
				TEST_HOST = "$(BUILT_PRODUCTS_DIR)/exercise.app/exercise";
			};
			name = Release;
		};
		EE94592225D4DEEF00D3BADF /* Debug */ = {
			isa = XCBuildConfiguration;
			buildSettings = {
				ALWAYS_EMBED_SWIFT_STANDARD_LIBRARIES = YES;
				CODE_SIGN_STYLE = Automatic;
				INFOPLIST_FILE = exerciseUITests/Info.plist;
				LD_RUNPATH_SEARCH_PATHS = (
					"$(inherited)",
					"@executable_path/Frameworks",
					"@loader_path/Frameworks",
				);
				PRODUCT_BUNDLE_IDENTIFIER = weHire.exerciseUITests;
				PRODUCT_NAME = "$(TARGET_NAME)";
				SWIFT_VERSION = 5.0;
				TARGETED_DEVICE_FAMILY = "1,2";
				TEST_TARGET_NAME = exercise;
			};
			name = Debug;
		};
		EE94592325D4DEEF00D3BADF /* Release */ = {
			isa = XCBuildConfiguration;
			buildSettings = {
				ALWAYS_EMBED_SWIFT_STANDARD_LIBRARIES = YES;
				CODE_SIGN_STYLE = Automatic;
				INFOPLIST_FILE = exerciseUITests/Info.plist;
				LD_RUNPATH_SEARCH_PATHS = (
					"$(inherited)",
					"@executable_path/Frameworks",
					"@loader_path/Frameworks",
				);
				PRODUCT_BUNDLE_IDENTIFIER = weHire.exerciseUITests;
				PRODUCT_NAME = "$(TARGET_NAME)";
				SWIFT_VERSION = 5.0;
				TARGETED_DEVICE_FAMILY = "1,2";
				TEST_TARGET_NAME = exercise;
			};
			name = Release;
		};
/* End XCBuildConfiguration section */

/* Begin XCConfigurationList section */
		EE9458EC25D4DEEB00D3BADF /* Build configuration list for PBXProject "exercise" */ = {
			isa = XCConfigurationList;
			buildConfigurations = (
				EE94591925D4DEEF00D3BADF /* Debug */,
				EE94591A25D4DEEF00D3BADF /* Release */,
			);
			defaultConfigurationIsVisible = 0;
			defaultConfigurationName = Release;
		};
		EE94591B25D4DEEF00D3BADF /* Build configuration list for PBXNativeTarget "exercise" */ = {
			isa = XCConfigurationList;
			buildConfigurations = (
				EE94591C25D4DEEF00D3BADF /* Debug */,
				EE94591D25D4DEEF00D3BADF /* Release */,
			);
			defaultConfigurationIsVisible = 0;
			defaultConfigurationName = Release;
		};
		EE94591E25D4DEEF00D3BADF /* Build configuration list for PBXNativeTarget "exerciseTests" */ = {
			isa = XCConfigurationList;
			buildConfigurations = (
				EE94591F25D4DEEF00D3BADF /* Debug */,
				EE94592025D4DEEF00D3BADF /* Release */,
			);
			defaultConfigurationIsVisible = 0;
			defaultConfigurationName = Release;
		};
		EE94592125D4DEEF00D3BADF /* Build configuration list for PBXNativeTarget "exerciseUITests" */ = {
			isa = XCConfigurationList;
			buildConfigurations = (
				EE94592225D4DEEF00D3BADF /* Debug */,
				EE94592325D4DEEF00D3BADF /* Release */,
			);
			defaultConfigurationIsVisible = 0;
			defaultConfigurationName = Release;
		};
/* End XCConfigurationList section */
	};
	rootObject = EE9458E925D4DEEB00D3BADF /* Project object */;
}
